<Solution>
  <Folder Name="/Solution Items/">
    <File Path=".editorconfig" />
    <File Path="Directory.Build.props" />
  </Folder>
  <Folder Name="/src/">
    <Project Path="src/Octopus.Api/Octopus.Api.csproj" />
    <Project Path="src/Octopus.Core/Octopus.Core.csproj" Id="2e13a6d7-5bd2-4965-8086-82b02101f97a" />
    <Project Path="src/Octopus.Persistence/Octopus.Persistence.csproj" Id="b135a8ab-554b-4e58-961e-9c3d171e9cca" />
  </Folder>
</Solution>
